
Microsoft Visual Studio Solution File, Format Version 12.00
# Visual Studio Version 17
VisualStudioVersion = 17.7.34031.279
MinimumVisualStudioVersion = 10.0.40219.1
Project("{FAE04EC0-301F-11D3-BF4B-00C04F79EFBC}") = "18.01.24", "18.01.24\18.01.24.csproj", "{51E9938C-292D-4171-A057-548C175AC64B}"
EndProject
Global
	GlobalSection(SolutionConfigurationPlatforms) = preSolution
		Debug|Any CPU = Debug|Any CPU
		Release|Any CPU = Release|Any CPU
	EndGlobalSection
	GlobalSection(ProjectConfigurationPlatforms) = postSolution
		{51E9938C-292D-4171-A057-548C175AC64B}.Debug|Any CPU.ActiveCfg = Debug|Any CPU
		{51E9938C-292D-4171-A057-548C175AC64B}.Debug|Any CPU.Build.0 = Debug|Any CPU
		{51E9938C-292D-4171-A057-548C175AC64B}.Release|Any CPU.ActiveCfg = Release|Any CPU
		{51E9938C-292D-4171-A057-548C175AC64B}.Release|Any CPU.Build.0 = Release|Any CPU
	EndGlobalSection
	GlobalSection(SolutionProperties) = preSolution
		HideSolutionNode = FALSE
	EndGlobalSection
	GlobalSection(ExtensibilityGlobals) = postSolution
		SolutionGuid = {45CE71F6-AE16-4B0A-B3AF-5EBF00CB88EC}
	EndGlobalSection
EndGlobal
